
Microsoft Visual Studio Solution File, Format Version 12.00
# Visual Studio Version 16
VisualStudioVersion = 16.0.30114.105
MinimumVisualStudioVersion = 10.0.40219.1
Project("{FAE04EC0-301F-11D3-BF4B-00C04F79EFBC}") = "AspDotNetPlayground", "AspDotNetPlayground\AspDotNetPlayground.csproj", "{7DB7EF71-AFC9-467D-90C4-6F47489225BE}"
EndProject
Global
	GlobalSection(SolutionConfigurationPlatforms) = preSolution
		Debug|Any CPU = Debug|Any CPU
		Release|Any CPU = Release|Any CPU
	EndGlobalSection
	GlobalSection(ProjectConfigurationPlatforms) = postSolution
		{7DB7EF71-AFC9-467D-90C4-6F47489225BE}.Debug|Any CPU.ActiveCfg = Debug|Any CPU
		{7DB7EF71-AFC9-467D-90C4-6F47489225BE}.Debug|Any CPU.Build.0 = Debug|Any CPU
		{7DB7EF71-AFC9-467D-90C4-6F47489225BE}.Release|Any CPU.ActiveCfg = Release|Any CPU
		{7DB7EF71-AFC9-467D-90C4-6F47489225BE}.Release|Any CPU.Build.0 = Release|Any CPU
	EndGlobalSection
	GlobalSection(SolutionProperties) = preSolution
		HideSolutionNode = FALSE
	EndGlobalSection
	GlobalSection(ExtensibilityGlobals) = postSolution
		SolutionGuid = {D719185B-6A21-44F0-8F5A-36E0F48A7A9A}
	EndGlobalSection
EndGlobal
